PODS:
  - GoogleMaps (3.4.0):
    - GoogleMaps/Maps (= 3.4.0)
  - GoogleMaps/Base (3.4.0)
  - GoogleMaps/Maps (3.4.0):
    - GoogleMaps/Base
  - GooglePlaces (3.4.0):
    - GoogleMaps/Base (= 3.4.0)

DEPENDENCIES:
  - GoogleMaps
  - GooglePlaces

SPEC REPOS:
  trunk:
    - GoogleMaps
    - GooglePlaces

SPEC CHECKSUMS:
  GoogleMaps: 67f4a604f80dd6a22d09c2a507a3a395b9f23060
  GooglePlaces: 7547289e3fffc8980f4a027be99888e29d59b15d

PODFILE CHECKSUM: 7f9ea2aca140e85969c24edbc4c37ed430c651e3

COCOAPODS: 1.8.1
