// !$*UTF8*$!
{
	archiveVersion = 1;
	classes = {
	};
	objectVersion = 51;
	objects = {

/* Begin PBXBuildFile section */
		1AC78AF02344B0B700B9E138 /* AppDelegate.swift in Sources */ = {isa = PBXBuildFile; fileRef = 1AC78AEF2344B0B700B9E138 /* AppDelegate.swift */; };
		1AC78AF22344B0B700B9E138 /* SceneDelegate.swift in Sources */ = {isa = PBXBuildFile; fileRef = 1AC78AF12344B0B700B9E138 /* SceneDelegate.swift */; };
		1AC78AF42344B0B800B9E138 /* ViewController.swift in Sources */ = {isa = PBXBuildFile; fileRef = 1AC78AF32344B0B700B9E138 /* ViewController.swift */; };
		1AC78AF72344B0B800B9E138 /* Main.storyboard in Resources */ = {isa = PBXBuildFile; fileRef = 1AC78AF52344B0B800B9E138 /* Main.storyboard */; };
		1AC78AFA2344B0B800B9E138 /* Gasculator.xcdatamodeld in Sources */ = {isa = PBXBuildFile; fileRef = 1AC78AF82344B0B800B9E138 /* Gasculator.xcdatamodeld */; };
		1AC78AFC2344B0B900B9E138 /* Assets.xcassets in Resources */ = {isa = PBXBuildFile; fileRef = 1AC78AFB2344B0B900B9E138 /* Assets.xcassets */; };
		1AC78AFF2344B0B900B9E138 /* LaunchScreen.storyboard in Resources */ = {isa = PBXBuildFile; fileRef = 1AC78AFD2344B0B900B9E138 /* LaunchScreen.storyboard */; };
		E5BA26237FE9E481C8223ED0 /* Pods_Gasculator.framework in Frameworks */ = {isa = PBXBuildFile; fileRef = D230D7FE3A28D63A6E353932 /* Pods_Gasculator.framework */; };
/* End PBXBuildFile section */

/* Begin PBXFileReference section */
		1AC78AEC2344B0B700B9E138 /* Gasculator.app */ = {isa = PBXFileReference; explicitFileType = wrapper.application; includeInIndex = 0; path = Gasculator.app; sourceTree = BUILT_PRODUCTS_DIR; };
		1AC78AEF2344B0B700B9E138 /* AppDelegate.swift */ = {isa = PBXFileReference; lastKnownFileType = sourcecode.swift; path = AppDelegate.swift; sourceTree = "<group>"; };
		1AC78AF12344B0B700B9E138 /* SceneDelegate.swift */ = {isa = PBXFileReference; lastKnownFileType = sourcecode.swift; path = SceneDelegate.swift; sourceTree = "<group>"; };
		1AC78AF32344B0B700B9E138 /* ViewController.swift */ = {isa = PBXFileReference; lastKnownFileType = sourcecode.swift; path = ViewController.swift; sourceTree = "<group>"; };
		1AC78AF62344B0B800B9E138 /* Base */ = {isa = PBXFileReference; lastKnownFileType = file.storyboard; name = Base; path = Base.lproj/Main.storyboard; sourceTree = "<group>"; };
		1AC78AF92344B0B800B9E138 /* Gasculator.xcdatamodel */ = {isa = PBXFileReference; lastKnownFileType = wrapper.xcdatamodel; path = Gasculator.xcdatamodel; sourceTree = "<group>"; };
		1AC78AFB2344B0B900B9E138 /* Assets.xcassets */ = {isa = PBXFileReference; lastKnownFileType = folder.assetcatalog; path = Assets.xcassets; sourceTree = "<group>"; };
		1AC78AFE2344B0B900B9E138 /* Base */ = {isa = PBXFileReference; lastKnownFileType = file.storyboard; name = Base; path = Base.lproj/LaunchScreen.storyboard; sourceTree = "<group>"; };
		1AC78B002344B0B900B9E138 /* Info.plist */ = {isa = PBXFileReference; lastKnownFileType = text.plist.xml; path = Info.plist; sourceTree = "<group>"; };
		2C9FE7508667C5C3F23D88A2 /* Pods-Gasculator.release.xcconfig */ = {isa = PBXFileReference; includeInIndex = 1; lastKnownFileType = text.xcconfig; name = "Pods-Gasculator.release.xcconfig"; path = "Target Support Files/Pods-Gasculator/Pods-Gasculator.release.xcconfig"; sourceTree = "<group>"; };
		9D26F1E24C7105A5BFB5CC90 /* Pods-Gasculator.debug.xcconfig */ = {isa = PBXFileReference; includeInIndex = 1; lastKnownFileType = text.xcconfig; name = "Pods-Gasculator.debug.xcconfig"; path = "Target Support Files/Pods-Gasculator/Pods-Gasculator.debug.xcconfig"; sourceTree = "<group>"; };
		D230D7FE3A28D63A6E353932 /* Pods_Gasculator.framework */ = {isa = PBXFileReference; explicitFileType = wrapper.framework; includeInIndex = 0; path = Pods_Gasculator.framework; sourceTree = BUILT_PRODUCTS_DIR; };
/* End PBXFileReference section */

/* Begin PBXFrameworksBuildPhase section */
		1AC78AE92344B0B700B9E138 /* Frameworks */ = {
			isa = PBXFrameworksBuildPhase;
			buildActionMask = 2147483647;
			files = (
				E5BA26237FE9E481C8223ED0 /* Pods_Gasculator.framework in Frameworks */,
			);
			runOnlyForDeploymentPostprocessing = 0;
		};
/* End PBXFrameworksBuildPhase section */

/* Begin PBXGroup section */
		1AC78AE32344B0B700B9E138 = {
			isa = PBXGroup;
			children = (
				1AC78AEE2344B0B700B9E138 /* Gasculator */,
				1AC78AED2344B0B700B9E138 /* Products */,
				96DC970F282C62FE8FA5C4EA /* Pods */,
				464C1BC48B6AF6D148FB9FEB /* Frameworks */,
			);
			sourceTree = "<group>";
		};
		1AC78AED2344B0B700B9E138 /* Products */ = {
			isa = PBXGroup;
			children = (
				1AC78AEC2344B0B700B9E138 /* Gasculator.app */,
			);
			name = Products;
			sourceTree = "<group>";
		};
		1AC78AEE2344B0B700B9E138 /* Gasculator */ = {
			isa = PBXGroup;
			children = (
				1AC78AEF2344B0B700B9E138 /* AppDelegate.swift */,
				1AC78AF12344B0B700B9E138 /* SceneDelegate.swift */,
				1AC78AF32344B0B700B9E138 /* ViewController.swift */,
				1AC78AF52344B0B800B9E138 /* Main.storyboard */,
				1AC78AFB2344B0B900B9E138 /* Assets.xcassets */,
				1AC78AFD2344B0B900B9E138 /* LaunchScreen.storyboard */,
				1AC78B002344B0B900B9E138 /* Info.plist */,
				1AC78AF82344B0B800B9E138 /* Gasculator.xcdatamodeld */,
			);
			path = Gasculator;
			sourceTree = "<group>";
		};
		464C1BC48B6AF6D148FB9FEB /* Frameworks */ = {
			isa = PBXGroup;
			children = (
				D230D7FE3A28D63A6E353932 /* Pods_Gasculator.framework */,
			);
			name = Frameworks;
			sourceTree = "<group>";
		};
		96DC970F282C62FE8FA5C4EA /* Pods */ = {
			isa = PBXGroup;
			children = (
				9D26F1E24C7105A5BFB5CC90 /* Pods-Gasculator.debug.xcconfig */,
				2C9FE7508667C5C3F23D88A2 /* Pods-Gasculator.release.xcconfig */,
			);
			path = Pods;
			sourceTree = "<group>";
		};
/* End PBXGroup section */

/* Begin PBXNativeTarget section */
		1AC78AEB2344B0B700B9E138 /* Gasculator */ = {
			isa = PBXNativeTarget;
			buildConfigurationList = 1AC78B032344B0B900B9E138 /* Build configuration list for PBXNativeTarget "Gasculator" */;
			buildPhases = (
				7118CF5A075CAD23314A566B /* [CP] Check Pods Manifest.lock */,
				1AC78AE82344B0B700B9E138 /* Sources */,
				1AC78AE92344B0B700B9E138 /* Frameworks */,
				1AC78AEA2344B0B700B9E138 /* Resources */,
				124BCAE1F5A470548E0D6F56 /* [CP] Copy Pods Resources */,
			);
			buildRules = (
			);
			dependencies = (
			);
			name = Gasculator;
			productName = Gasculator;
			productReference = 1AC78AEC2344B0B700B9E138 /* Gasculator.app */;
			productType = "com.apple.product-type.application";
		};
/* End PBXNativeTarget section */

/* Begin PBXProject section */
		1AC78AE42344B0B700B9E138 /* Project object */ = {
			isa = PBXProject;
			attributes = {
				LastSwiftUpdateCheck = 1100;
				LastUpgradeCheck = 1100;
				ORGANIZATIONNAME = 4andahalf;
				TargetAttributes = {
					1AC78AEB2344B0B700B9E138 = {
						CreatedOnToolsVersion = 11.0;
					};
				};
			};
			buildConfigurationList = 1AC78AE72344B0B700B9E138 /* Build configuration list for PBXProject "Gasculator" */;
			compatibilityVersion = "Xcode 9.3";
			developmentRegion = en;
			hasScannedForEncodings = 0;
			knownRegions = (
				en,
				Base,
			);
			mainGroup = 1AC78AE32344B0B700B9E138;
			productRefGroup = 1AC78AED2344B0B700B9E138 /* Products */;
			projectDirPath = "";
			projectRoot = "";
			targets = (
				1AC78AEB2344B0B700B9E138 /* Gasculator */,
			);
		};
/* End PBXProject section */

/* Begin PBXResourcesBuildPhase section */
		1AC78AEA2344B0B700B9E138 /* Resources */ = {
			isa = PBXResourcesBuildPhase;
			buildActionMask = 2147483647;
			files = (
				1AC78AFF2344B0B900B9E138 /* LaunchScreen.storyboard in Resources */,
				1AC78AFC2344B0B900B9E138 /* Assets.xcassets in Resources */,
				1AC78AF72344B0B800B9E138 /* Main.storyboard in Resources */,
			);
			runOnlyForDeploymentPostprocessing = 0;
		};
/* End PBXResourcesBuildPhase section */

/* Begin PBXShellScriptBuildPhase section */
		124BCAE1F5A470548E0D6F56 /* [CP] Copy Pods Resources */ = {
			isa = PBXShellScriptBuildPhase;
			buildActionMask = 2147483647;
			files = (
			);
			inputFileListPaths = (
				"${PODS_ROOT}/Target Support Files/Pods-Gasculator/Pods-Gasculator-resources-${CONFIGURATION}-input-files.xcfilelist",
			);
			name = "[CP] Copy Pods Resources";
			outputFileListPaths = (
				"${PODS_ROOT}/Target Support Files/Pods-Gasculator/Pods-Gasculator-resources-${CONFIGURATION}-output-files.xcfilelist",
			);
			runOnlyForDeploymentPostprocessing = 0;
			shellPath = /bin/sh;
			shellScript = "\"${PODS_ROOT}/Target Support Files/Pods-Gasculator/Pods-Gasculator-resources.sh\"\n";
			showEnvVarsInLog = 0;
		};
		7118CF5A075CAD23314A566B /* [CP] Check Pods Manifest.lock */ = {
			isa = PBXShellScriptBuildPhase;
			buildActionMask = 2147483647;
			files = (
			);
			inputFileListPaths = (
			);
			inputPaths = (
				"${PODS_PODFILE_DIR_PATH}/Podfile.lock",
				"${PODS_ROOT}/Manifest.lock",
			);
			name = "[CP] Check Pods Manifest.lock";
			outputFileListPaths = (
			);
			outputPaths = (
				"$(DERIVED_FILE_DIR)/Pods-Gasculator-checkManifestLockResult.txt",
			);
			runOnlyForDeploymentPostprocessing = 0;
			shellPath = /bin/sh;
			shellScript = "diff \"${PODS_PODFILE_DIR_PATH}/Podfile.lock\" \"${PODS_ROOT}/Manifest.lock\" > /dev/null\nif [ $? != 0 ] ; then\n    # print error to STDERR\n    echo \"error: The sandbox is not in sync with the Podfile.lock. Run 'pod install' or update your CocoaPods installation.\" >&2\n    exit 1\nfi\n# This output is used by Xcode 'outputs' to avoid re-running this script phase.\necho \"SUCCESS\" > \"${SCRIPT_OUTPUT_FILE_0}\"\n";
			showEnvVarsInLog = 0;
		};
/* End PBXShellScriptBuildPhase section */

/* Begin PBXSourcesBuildPhase section */
		1AC78AE82344B0B700B9E138 /* Sources */ = {
			isa = PBXSourcesBuildPhase;
			buildActionMask = 2147483647;
			files = (
				1AC78AFA2344B0B800B9E138 /* Gasculator.xcdatamodeld in Sources */,
				1AC78AF42344B0B800B9E138 /* ViewController.swift in Sources */,
				1AC78AF02344B0B700B9E138 /* AppDelegate.swift in Sources */,
				1AC78AF22344B0B700B9E138 /* SceneDelegate.swift in Sources */,
			);
			runOnlyForDeploymentPostprocessing = 0;
		};
/* End PBXSourcesBuildPhase section */

/* Begin PBXVariantGroup section */
		1AC78AF52344B0B800B9E138 /* Main.storyboard */ = {
			isa = PBXVariantGroup;
			children = (
				1AC78AF62344B0B800B9E138 /* Base */,
			);
			name = Main.storyboard;
			sourceTree = "<group>";
		};
		1AC78AFD2344B0B900B9E138 /* LaunchScreen.storyboard */ = {
			isa = PBXVariantGroup;
			children = (
				1AC78AFE2344B0B900B9E138 /* Base */,
			);
			name = LaunchScreen.storyboard;
			sourceTree = "<group>";
		};
/* End PBXVariantGroup section */

/* Begin XCBuildConfiguration section */
		1AC78B012344B0B900B9E138 /* Debug */ = {
			isa = XCBuildConfiguration;
			buildSettings = {
				ALWAYS_SEARCH_USER_PATHS = NO;
				CLANG_ANALYZER_NONNULL = YES;
				CLANG_ANALYZER_NUMBER_OBJECT_CONVERSION = YES_AGGRESSIVE;
				CLANG_CXX_LANGUAGE_STANDARD = "gnu++14";
				CLANG_CXX_LIBRARY = "libc++";
				CLANG_ENABLE_MODULES = YES;
				CLANG_ENABLE_OBJC_ARC = YES;
				CLANG_ENABLE_OBJC_WEAK = YES;
				CLANG_WARN_BLOCK_CAPTURE_AUTORELEASING = YES;
				CLANG_WARN_BOOL_CONVERSION = YES;
				CLANG_WARN_COMMA = YES;
				CLANG_WARN_CONSTANT_CONVERSION = YES;
				CLANG_WARN_DEPRECATED_OBJC_IMPLEMENTATIONS = YES;
				CLANG_WARN_DIRECT_OBJC_ISA_USAGE = YES_ERROR;
				CLANG_WARN_DOCUMENTATION_COMMENTS = YES;
				CLANG_WARN_EMPTY_BODY = YES;
				CLANG_WARN_ENUM_CONVERSION = YES;
				CLANG_WARN_INFINITE_RECURSION = YES;
				CLANG_WARN_INT_CONVERSION = YES;
				CLANG_WARN_NON_LITERAL_NULL_CONVERSION = YES;
				CLANG_WARN_OBJC_IMPLICIT_RETAIN_SELF = YES;
				CLANG_WARN_OBJC_LITERAL_CONVERSION = YES;
				CLANG_WARN_OBJC_ROOT_CLASS = YES_ERROR;
				CLANG_WARN_RANGE_LOOP_ANALYSIS = YES;
				CLANG_WARN_STRICT_PROTOTYPES = YES;
				CLANG_WARN_SUSPICIOUS_MOVE = YES;
				CLANG_WARN_UNGUARDED_AVAILABILITY = YES_AGGRESSIVE;
				CLANG_WARN_UNREACHABLE_CODE = YES;
				CLANG_WARN__DUPLICATE_METHOD_MATCH = YES;
				COPY_PHASE_STRIP = NO;
				DEBUG_INFORMATION_FORMAT = dwarf;
				ENABLE_STRICT_OBJC_MSGSEND = YES;
				ENABLE_TESTABILITY = YES;
				GCC_C_LANGUAGE_STANDARD = gnu11;
				GCC_DYNAMIC_NO_PIC = NO;
				GCC_NO_COMMON_BLOCKS = YES;
				GCC_OPTIMIZATION_LEVEL = 0;
				GCC_PREPROCESSOR_DEFINITIONS = (
					"DEBUG=1",
					"$(inherited)",
				);
				GCC_WARN_64_TO_32_BIT_CONVERSION = YES;
				GCC_WARN_ABOUT_RETURN_TYPE = YES_ERROR;
				GCC_WARN_UNDECLARED_SELECTOR = YES;
				GCC_WARN_UNINITIALIZED_AUTOS = YES_AGGRESSIVE;
				GCC_WARN_UNUSED_FUNCTION = YES;
				GCC_WARN_UNUSED_VARIABLE = YES;
				IPHONEOS_DEPLOYMENT_TARGET = 13.0;
				MTL_ENABLE_DEBUG_INFO = INCLUDE_SOURCE;
				MTL_FAST_MATH = YES;
				ONLY_ACTIVE_ARCH = YES;
				SDKROOT = iphoneos;
				SWIFT_ACTIVE_COMPILATION_CONDITIONS = DEBUG;
				SWIFT_OPTIMIZATION_LEVEL = "-Onone";
			};
			name = Debug;
		};
		1AC78B022344B0B900B9E138 /* Release */ = {
			isa = XCBuildConfiguration;
			buildSettings = {
				ALWAYS_SEARCH_USER_PATHS = NO;
				CLANG_ANALYZER_NONNULL = YES;
				CLANG_ANALYZER_NUMBER_OBJECT_CONVERSION = YES_AGGRESSIVE;
				CLANG_CXX_LANGUAGE_STANDARD = "gnu++14";
				CLANG_CXX_LIBRARY = "libc++";
				CLANG_ENABLE_MODULES = YES;
				CLANG_ENABLE_OBJC_ARC = YES;
				CLANG_ENABLE_OBJC_WEAK = YES;
				CLANG_WARN_BLOCK_CAPTURE_AUTORELEASING = YES;
				CLANG_WARN_BOOL_CONVERSION = YES;
				CLANG_WARN_COMMA = YES;
				CLANG_WARN_CONSTANT_CONVERSION = YES;
				CLANG_WARN_DEPRECATED_OBJC_IMPLEMENTATIONS = YES;
				CLANG_WARN_DIRECT_OBJC_ISA_USAGE = YES_ERROR;
				CLANG_WARN_DOCUMENTATION_COMMENTS = YES;
				CLANG_WARN_EMPTY_BODY = YES;
				CLANG_WARN_ENUM_CONVERSION = YES;
				CLANG_WARN_INFINITE_RECURSION = YES;
				CLANG_WARN_INT_CONVERSION = YES;
				CLANG_WARN_NON_LITERAL_NULL_CONVERSION = YES;
				CLANG_WARN_OBJC_IMPLICIT_RETAIN_SELF = YES;
				CLANG_WARN_OBJC_LITERAL_CONVERSION = YES;
				CLANG_WARN_OBJC_ROOT_CLASS = YES_ERROR;
				CLANG_WARN_RANGE_LOOP_ANALYSIS = YES;
				CLANG_WARN_STRICT_PROTOTYPES = YES;
				CLANG_WARN_SUSPICIOUS_MOVE = YES;
				CLANG_WARN_UNGUARDED_AVAILABILITY = YES_AGGRESSIVE;
				CLANG_WARN_UNREACHABLE_CODE = YES;
				CLANG_WARN__DUPLICATE_METHOD_MATCH = YES;
				COPY_PHASE_STRIP = NO;
				DEBUG_INFORMATION_FORMAT = "dwarf-with-dsym";
				ENABLE_NS_ASSERTIONS = NO;
				ENABLE_STRICT_OBJC_MSGSEND = YES;
				GCC_C_LANGUAGE_STANDARD = gnu11;
				GCC_NO_COMMON_BLOCKS = YES;
				GCC_WARN_64_TO_32_BIT_CONVERSION = YES;
				GCC_WARN_ABOUT_RETURN_TYPE = YES_ERROR;
				GCC_WARN_UNDECLARED_SELECTOR = YES;
				GCC_WARN_UNINITIALIZED_AUTOS = YES_AGGRESSIVE;
				GCC_WARN_UNUSED_FUNCTION = YES;
				GCC_WARN_UNUSED_VARIABLE = YES;
				IPHONEOS_DEPLOYMENT_TARGET = 13.0;
				MTL_ENABLE_DEBUG_INFO = NO;
				MTL_FAST_MATH = YES;
				SDKROOT = iphoneos;
				SWIFT_COMPILATION_MODE = wholemodule;
				SWIFT_OPTIMIZATION_LEVEL = "-O";
				VALIDATE_PRODUCT = YES;
			};
			name = Release;
		};
		1AC78B042344B0B900B9E138 /* Debug */ = {
			isa = XCBuildConfiguration;
			baseConfigurationReference = 9D26F1E24C7105A5BFB5CC90 /* Pods-Gasculator.debug.xcconfig */;
			buildSettings = {
				ASSETCATALOG_COMPILER_APPICON_NAME = AppIcon;
				CODE_SIGN_STYLE = Automatic;
				INFOPLIST_FILE = Gasculator/Info.plist;
				LD_RUNPATH_SEARCH_PATHS = (
					"$(inherited)",
					"@executable_path/Frameworks",
				);
				PRODUCT_BUNDLE_IDENTIFIER = com.4andahalf.Gasculator;
				PRODUCT_NAME = "$(TARGET_NAME)";
				SWIFT_VERSION = 5.0;
				TARGETED_DEVICE_FAMILY = "1,2";
			};
			name = Debug;
		};
		1AC78B052344B0B900B9E138 /* Release */ = {
			isa = XCBuildConfiguration;
			baseConfigurationReference = 2C9FE7508667C5C3F23D88A2 /* Pods-Gasculator.release.xcconfig */;
			buildSettings = {
				ASSETCATALOG_COMPILER_APPICON_NAME = AppIcon;
				CODE_SIGN_STYLE = Automatic;
				INFOPLIST_FILE = Gasculator/Info.plist;
				LD_RUNPATH_SEARCH_PATHS = (
					"$(inherited)",
					"@executable_path/Frameworks",
				);
				PRODUCT_BUNDLE_IDENTIFIER = com.4andahalf.Gasculator;
				PRODUCT_NAME = "$(TARGET_NAME)";
				SWIFT_VERSION = 5.0;
				TARGETED_DEVICE_FAMILY = "1,2";
			};
			name = Release;
		};
/* End XCBuildConfiguration section */

/* Begin XCConfigurationList section */
		1AC78AE72344B0B700B9E138 /* Build configuration list for PBXProject "Gasculator" */ = {
			isa = XCConfigurationList;
			buildConfigurations = (
				1AC78B012344B0B900B9E138 /* Debug */,
				1AC78B022344B0B900B9E138 /* Release */,
			);
			defaultConfigurationIsVisible = 0;
			defaultConfigurationName = Release;
		};
		1AC78B032344B0B900B9E138 /* Build configuration list for PBXNativeTarget "Gasculator" */ = {
			isa = XCConfigurationList;
			buildConfigurations = (
				1AC78B042344B0B900B9E138 /* Debug */,
				1AC78B052344B0B900B9E138 /* Release */,
			);
			defaultConfigurationIsVisible = 0;
			defaultConfigurationName = Release;
		};
/* End XCConfigurationList section */

/* Begin XCVersionGroup section */
		1AC78AF82344B0B800B9E138 /* Gasculator.xcdatamodeld */ = {
			isa = XCVersionGroup;
			children = (
				1AC78AF92344B0B800B9E138 /* Gasculator.xcdatamodel */,
			);
			currentVersion = 1AC78AF92344B0B800B9E138 /* Gasculator.xcdatamodel */;
			path = Gasculator.xcdatamodeld;
			sourceTree = "<group>";
			versionGroupType = wrapper.xcdatamodel;
		};
/* End XCVersionGroup section */
	};
	rootObject = 1AC78AE42344B0B700B9E138 /* Project object */;
}
